// !$*UTF8*$!
{
	archiveVersion = 1;
	classes = {
	};
	objectVersion = 46;
	objects = {

/* Begin PBXBuildFile section */
		D0A980CB1EBA33D500549562 /* AppDelegate.swift in Sources */ = {isa = PBXBuildFile; fileRef = D0A980CA1EBA33D500549562 /* AppDelegate.swift */; };
		D0A980CD1EBA33D500549562 /* ViewController.swift in Sources */ = {isa = PBXBuildFile; fileRef = D0A980CC1EBA33D500549562 /* ViewController.swift */; };
		D0A980D01EBA33D500549562 /* Main.storyboard in Resources */ = {isa = PBXBuildFile; fileRef = D0A980CE1EBA33D500549562 /* Main.storyboard */; };
		D0A980D21EBA33D500549562 /* Assets.xcassets in Resources */ = {isa = PBXBuildFile; fileRef = D0A980D11EBA33D500549562 /* Assets.xcassets */; };
		D0A980D51EBA33D500549562 /* LaunchScreen.storyboard in Resources */ = {isa = PBXBuildFile; fileRef = D0A980D31EBA33D500549562 /* LaunchScreen.storyboard */; };
		D0A980E01EBA33D500549562 /* TableView2Tests.swift in Sources */ = {isa = PBXBuildFile; fileRef = D0A980DF1EBA33D500549562 /* TableView2Tests.swift */; };
		D0A980EB1EBA33D500549562 /* TableView2UITests.swift in Sources */ = {isa = PBXBuildFile; fileRef = D0A980EA1EBA33D500549562 /* TableView2UITests.swift */; };
		D0A980F91EBA349C00549562 /* ViewController2.swift in Sources */ = {isa = PBXBuildFile; fileRef = D0A980F81EBA349C00549562 /* ViewController2.swift */; };
/* End PBXBuildFile section */

/* Begin PBXContainerItemProxy section */
		D0A980DC1EBA33D500549562 /* PBXContainerItemProxy */ = {
			isa = PBXContainerItemProxy;
			containerPortal = D0A980BF1EBA33D500549562 /* Project object */;
			proxyType = 1;
			remoteGlobalIDString = D0A980C61EBA33D500549562;
			remoteInfo = TableView2;
		};
		D0A980E71EBA33D500549562 /* PBXContainerItemProxy */ = {
			isa = PBXContainerItemProxy;
			containerPortal = D0A980BF1EBA33D500549562 /* Project object */;
			proxyType = 1;
			remoteGlobalIDString = D0A980C61EBA33D500549562;
			remoteInfo = TableView2;
		};
/* End PBXContainerItemProxy section */

/* Begin PBXFileReference section */
		D0A980C71EBA33D500549562 /* TableView2.app */ = {isa = PBXFileReference; explicitFileType = wrapper.application; includeInIndex = 0; path = TableView2.app; sourceTree = BUILT_PRODUCTS_DIR; };
		D0A980CA1EBA33D500549562 /* AppDelegate.swift */ = {isa = PBXFileReference; lastKnownFileType = sourcecode.swift; path = AppDelegate.swift; sourceTree = "<group>"; };
		D0A980CC1EBA33D500549562 /* ViewController.swift */ = {isa = PBXFileReference; lastKnownFileType = sourcecode.swift; path = ViewController.swift; sourceTree = "<group>"; };
		D0A980CF1EBA33D500549562 /* Base */ = {isa = PBXFileReference; lastKnownFileType = file.storyboard; name = Base; path = Base.lproj/Main.storyboard; sourceTree = "<group>"; };
		D0A980D11EBA33D500549562 /* Assets.xcassets */ = {isa = PBXFileReference; lastKnownFileType = folder.assetcatalog; path = Assets.xcassets; sourceTree = "<group>"; };
		D0A980D41EBA33D500549562 /* Base */ = {isa = PBXFileReference; lastKnownFileType = file.storyboard; name = Base; path = Base.lproj/LaunchScreen.storyboard; sourceTree = "<group>"; };
		D0A980D61EBA33D500549562 /* Info.plist */ = {isa = PBXFileReference; lastKnownFileType = text.plist.xml; path = Info.plist; sourceTree = "<group>"; };
		D0A980DB1EBA33D500549562 /* TableView2Tests.xctest */ = {isa = PBXFileReference; explicitFileType = wrapper.cfbundle; includeInIndex = 0; path = TableView2Tests.xctest; sourceTree = BUILT_PRODUCTS_DIR; };
		D0A980DF1EBA33D500549562 /* TableView2Tests.swift */ = {isa = PBXFileReference; lastKnownFileType = sourcecode.swift; path = TableView2Tests.swift; sourceTree = "<group>"; };
		D0A980E11EBA33D500549562 /* Info.plist */ = {isa = PBXFileReference; lastKnownFileType = text.plist.xml; path = Info.plist; sourceTree = "<group>"; };
		D0A980E61EBA33D500549562 /* TableView2UITests.xctest */ = {isa = PBXFileReference; explicitFileType = wrapper.cfbundle; includeInIndex = 0; path = TableView2UITests.xctest; sourceTree = BUILT_PRODUCTS_DIR; };
		D0A980EA1EBA33D500549562 /* TableView2UITests.swift */ = {isa = PBXFileReference; lastKnownFileType = sourcecode.swift; path = TableView2UITests.swift; sourceTree = "<group>"; };
		D0A980EC1EBA33D500549562 /* Info.plist */ = {isa = PBXFileReference; lastKnownFileType = text.plist.xml; path = Info.plist; sourceTree = "<group>"; };
		D0A980F81EBA349C00549562 /* ViewController2.swift */ = {isa = PBXFileReference; fileEncoding = 4; lastKnownFileType = sourcecode.swift; path = ViewController2.swift; sourceTree = "<group>"; };
/* End PBXFileReference section */

/* Begin PBXFrameworksBuildPhase section */
		D0A980C41EBA33D500549562 /* Frameworks */ = {
			isa = PBXFrameworksBuildPhase;
			buildActionMask = 2147483647;
			files = (
			);
			runOnlyForDeploymentPostprocessing = 0;
		};
		D0A980D81EBA33D500549562 /* Frameworks */ = {
			isa = PBXFrameworksBuildPhase;
			buildActionMask = 2147483647;
			files = (
			);
			runOnlyForDeploymentPostprocessing = 0;
		};
		D0A980E31EBA33D500549562 /* Frameworks */ = {
			isa = PBXFrameworksBuildPhase;
			buildActionMask = 2147483647;
			files = (
			);
			runOnlyForDeploymentPostprocessing = 0;
		};
/* End PBXFrameworksBuildPhase section */

/* Begin PBXGroup section */
		D0A980BE1EBA33D500549562 = {
			isa = PBXGroup;
			children = (
				D0A980C91EBA33D500549562 /* TableView2 */,
				D0A980DE1EBA33D500549562 /* TableView2Tests */,
				D0A980E91EBA33D500549562 /* TableView2UITests */,
				D0A980C81EBA33D500549562 /* Products */,
			);
			sourceTree = "<group>";
		};
		D0A980C81EBA33D500549562 /* Products */ = {
			isa = PBXGroup;
			children = (
				D0A980C71EBA33D500549562 /* TableView2.app */,
				D0A980DB1EBA33D500549562 /* TableView2Tests.xctest */,
				D0A980E61EBA33D500549562 /* TableView2UITests.xctest */,
			);
			name = Products;
			sourceTree = "<group>";
		};
		D0A980C91EBA33D500549562 /* TableView2 */ = {
			isa = PBXGroup;
			children = (
				D0A980CA1EBA33D500549562 /* AppDelegate.swift */,
				D0A980CC1EBA33D500549562 /* ViewController.swift */,
				D0A980F81EBA349C00549562 /* ViewController2.swift */,
				D0A980CE1EBA33D500549562 /* Main.storyboard */,
				D0A980D11EBA33D500549562 /* Assets.xcassets */,
				D0A980D31EBA33D500549562 /* LaunchScreen.storyboard */,
				D0A980D61EBA33D500549562 /* Info.plist */,
			);
			path = TableView2;
			sourceTree = "<group>";
		};
		D0A980DE1EBA33D500549562 /* TableView2Tests */ = {
			isa = PBXGroup;
			children = (
				D0A980DF1EBA33D500549562 /* TableView2Tests.swift */,
				D0A980E11EBA33D500549562 /* Info.plist */,
			);
			path = TableView2Tests;
			sourceTree = "<group>";
		};
		D0A980E91EBA33D500549562 /* TableView2UITests */ = {
			isa = PBXGroup;
			children = (
				D0A980EA1EBA33D500549562 /* TableView2UITests.swift */,
				D0A980EC1EBA33D500549562 /* Info.plist */,
			);
			path = TableView2UITests;
			sourceTree = "<group>";
		};
/* End PBXGroup section */

/* Begin PBXNativeTarget section */
		D0A980C61EBA33D500549562 /* TableView2 */ = {
			isa = PBXNativeTarget;
			buildConfigurationList = D0A980EF1EBA33D500549562 /* Build configuration list for PBXNativeTarget "TableView2" */;
			buildPhases = (
				D0A980C31EBA33D500549562 /* Sources */,
				D0A980C41EBA33D500549562 /* Frameworks */,
				D0A980C51EBA33D500549562 /* Resources */,
			);
			buildRules = (
			);
			dependencies = (
			);
			name = TableView2;
			productName = TableView2;
			productReference = D0A980C71EBA33D500549562 /* TableView2.app */;
			productType = "com.apple.product-type.application";
		};
		D0A980DA1EBA33D500549562 /* TableView2Tests */ = {
			isa = PBXNativeTarget;
			buildConfigurationList = D0A980F21EBA33D500549562 /* Build configuration list for PBXNativeTarget "TableView2Tests" */;
			buildPhases = (
				D0A980D71EBA33D500549562 /* Sources */,
				D0A980D81EBA33D500549562 /* Frameworks */,
				D0A980D91EBA33D500549562 /* Resources */,
			);
			buildRules = (
			);
			dependencies = (
				D0A980DD1EBA33D500549562 /* PBXTargetDependency */,
			);
			name = TableView2Tests;
			productName = TableView2Tests;
			productReference = D0A980DB1EBA33D500549562 /* TableView2Tests.xctest */;
			productType = "com.apple.product-type.bundle.unit-test";
		};
		D0A980E51EBA33D500549562 /* TableView2UITests */ = {
			isa = PBXNativeTarget;
			buildConfigurationList = D0A980F51EBA33D500549562 /* Build configuration list for PBXNativeTarget "TableView2UITests" */;
			buildPhases = (
				D0A980E21EBA33D500549562 /* Sources */,
				D0A980E31EBA33D500549562 /* Frameworks */,
				D0A980E41EBA33D500549562 /* Resources */,
			);
			buildRules = (
			);
			dependencies = (
				D0A980E81EBA33D500549562 /* PBXTargetDependency */,
			);
			name = TableView2UITests;
			productName = TableView2UITests;
			productReference = D0A980E61EBA33D500549562 /* TableView2UITests.xctest */;
			productType = "com.apple.product-type.bundle.ui-testing";
		};
/* End PBXNativeTarget section */

/* Begin PBXProject section */
		D0A980BF1EBA33D500549562 /* Project object */ = {
			isa = PBXProject;
			attributes = {
				LastSwiftUpdateCheck = 0820;
				LastUpgradeCheck = 0820;
				ORGANIZATIONNAME = "Maybol Reynaldo Huracahua Gutierrez";
				TargetAttributes = {
					D0A980C61EBA33D500549562 = {
						CreatedOnToolsVersion = 8.2;
						ProvisioningStyle = Automatic;
					};
					D0A980DA1EBA33D500549562 = {
						CreatedOnToolsVersion = 8.2;
						ProvisioningStyle = Automatic;
						TestTargetID = D0A980C61EBA33D500549562;
					};
					D0A980E51EBA33D500549562 = {
						CreatedOnToolsVersion = 8.2;
						ProvisioningStyle = Automatic;
						TestTargetID = D0A980C61EBA33D500549562;
					};
				};
			};
			buildConfigurationList = D0A980C21EBA33D500549562 /* Build configuration list for PBXProject "TableView2" */;
			compatibilityVersion = "Xcode 3.2";
			developmentRegion = English;
			hasScannedForEncodings = 0;
			knownRegions = (
				en,
				Base,
			);
			mainGroup = D0A980BE1EBA33D500549562;
			productRefGroup = D0A980C81EBA33D500549562 /* Products */;
			projectDirPath = "";
			projectRoot = "";
			targets = (
				D0A980C61EBA33D500549562 /* TableView2 */,
				D0A980DA1EBA33D500549562 /* TableView2Tests */,
				D0A980E51EBA33D500549562 /* TableView2UITests */,
			);
		};
/* End PBXProject section */

/* Begin PBXResourcesBuildPhase section */
		D0A980C51EBA33D500549562 /* Resources */ = {
			isa = PBXResourcesBuildPhase;
			buildActionMask = 2147483647;
			files = (
				D0A980D51EBA33D500549562 /* LaunchScreen.storyboard in Resources */,
				D0A980D21EBA33D500549562 /* Assets.xcassets in Resources */,
				D0A980D01EBA33D500549562 /* Main.storyboard in Resources */,
			);
			runOnlyForDeploymentPostprocessing = 0;
		};
		D0A980D91EBA33D500549562 /* Resources */ = {
			isa = PBXResourcesBuildPhase;
			buildActionMask = 2147483647;
			files = (
			);
			runOnlyForDeploymentPostprocessing = 0;
		};
		D0A980E41EBA33D500549562 /* Resources */ = {
			isa = PBXResourcesBuildPhase;
			buildActionMask = 2147483647;
			files = (
			);
			runOnlyForDeploymentPostprocessing = 0;
		};
/* End PBXResourcesBuildPhase section */

/* Begin PBXSourcesBuildPhase section */
		D0A980C31EBA33D500549562 /* Sources */ = {
			isa = PBXSourcesBuildPhase;
			buildActionMask = 2147483647;
			files = (
				D0A980CD1EBA33D500549562 /* ViewController.swift in Sources */,
				D0A980CB1EBA33D500549562 /* AppDelegate.swift in Sources */,
				D0A980F91EBA349C00549562 /* ViewController2.swift in Sources */,
			);
			runOnlyForDeploymentPostprocessing = 0;
		};
		D0A980D71EBA33D500549562 /* Sources */ = {
			isa = PBXSourcesBuildPhase;
			buildActionMask = 2147483647;
			files = (
				D0A980E01EBA33D500549562 /* TableView2Tests.swift in Sources */,
			);
			runOnlyForDeploymentPostprocessing = 0;
		};
		D0A980E21EBA33D500549562 /* Sources */ = {
			isa = PBXSourcesBuildPhase;
			buildActionMask = 2147483647;
			files = (
				D0A980EB1EBA33D500549562 /* TableView2UITests.swift in Sources */,
			);
			runOnlyForDeploymentPostprocessing = 0;
		};
/* End PBXSourcesBuildPhase section */

/* Begin PBXTargetDependency section */
		D0A980DD1EBA33D500549562 /* PBXTargetDependency */ = {
			isa = PBXTargetDependency;
			target = D0A980C61EBA33D500549562 /* TableView2 */;
			targetProxy = D0A980DC1EBA33D500549562 /* PBXContainerItemProxy */;
		};
		D0A980E81EBA33D500549562 /* PBXTargetDependency */ = {
			isa = PBXTargetDependency;
			target = D0A980C61EBA33D500549562 /* TableView2 */;
			targetProxy = D0A980E71EBA33D500549562 /* PBXContainerItemProxy */;
		};
/* End PBXTargetDependency section */

/* Begin PBXVariantGroup section */
		D0A980CE1EBA33D500549562 /* Main.storyboard */ = {
			isa = PBXVariantGroup;
			children = (
				D0A980CF1EBA33D500549562 /* Base */,
			);
			name = Main.storyboard;
			sourceTree = "<group>";
		};
		D0A980D31EBA33D500549562 /* LaunchScreen.storyboard */ = {
			isa = PBXVariantGroup;
			children = (
				D0A980D41EBA33D500549562 /* Base */,
			);
			name = LaunchScreen.storyboard;
			sourceTree = "<group>";
		};
/* End PBXVariantGroup section */

/* Begin XCBuildConfiguration section */
		D0A980ED1EBA33D500549562 /* Debug */ = {
			isa = XCBuildConfiguration;
			buildSettings = {
				ALWAYS_SEARCH_USER_PATHS = NO;
				CLANG_ANALYZER_NONNULL = YES;
				CLANG_CXX_LANGUAGE_STANDARD = "gnu++0x";
				CLANG_CXX_LIBRARY = "libc++";
				CLANG_ENABLE_MODULES = YES;
				CLANG_ENABLE_OBJC_ARC = YES;
				CLANG_WARN_BOOL_CONVERSION = YES;
				CLANG_WARN_CONSTANT_CONVERSION = YES;
				CLANG_WARN_DIRECT_OBJC_ISA_USAGE = YES_ERROR;
				CLANG_WARN_DOCUMENTATION_COMMENTS = YES;
				CLANG_WARN_EMPTY_BODY = YES;
				CLANG_WARN_ENUM_CONVERSION = YES;
				CLANG_WARN_INFINITE_RECURSION = YES;
				CLANG_WARN_INT_CONVERSION = YES;
				CLANG_WARN_OBJC_ROOT_CLASS = YES_ERROR;
				CLANG_WARN_SUSPICIOUS_MOVE = YES;
				CLANG_WARN_UNREACHABLE_CODE = YES;
				CLANG_WARN__DUPLICATE_METHOD_MATCH = YES;
				"CODE_SIGN_IDENTITY[sdk=iphoneos*]" = "iPhone Developer";
				COPY_PHASE_STRIP = NO;
				DEBUG_INFORMATION_FORMAT = dwarf;
				ENABLE_STRICT_OBJC_MSGSEND = YES;
				ENABLE_TESTABILITY = YES;
				GCC_C_LANGUAGE_STANDARD = gnu99;
				GCC_DYNAMIC_NO_PIC = NO;
				GCC_NO_COMMON_BLOCKS = YES;
				GCC_OPTIMIZATION_LEVEL = 0;
				GCC_PREPROCESSOR_DEFINITIONS = (
					"DEBUG=1",
					"$(inherited)",
				);
				GCC_WARN_64_TO_32_BIT_CONVERSION = YES;
				GCC_WARN_ABOUT_RETURN_TYPE = YES_ERROR;
				GCC_WARN_UNDECLARED_SELECTOR = YES;
				GCC_WARN_UNINITIALIZED_AUTOS = YES_AGGRESSIVE;
				GCC_WARN_UNUSED_FUNCTION = YES;
				GCC_WARN_UNUSED_VARIABLE = YES;
				IPHONEOS_DEPLOYMENT_TARGET = 10.2;
				MTL_ENABLE_DEBUG_INFO = YES;
				ONLY_ACTIVE_ARCH = YES;
				SDKROOT = iphoneos;
				SWIFT_ACTIVE_COMPILATION_CONDITIONS = DEBUG;
				SWIFT_OPTIMIZATION_LEVEL = "-Onone";
				TARGETED_DEVICE_FAMILY = "1,2";
			};
			name = Debug;
		};
		D0A980EE1EBA33D500549562 /* Release */ = {
			isa = XCBuildConfiguration;
			buildSettings = {
				ALWAYS_SEARCH_USER_PATHS = NO;
				CLANG_ANALYZER_NONNULL = YES;
				CLANG_CXX_LANGUAGE_STANDARD = "gnu++0x";
				CLANG_CXX_LIBRARY = "libc++";
				CLANG_ENABLE_MODULES = YES;
				CLANG_ENABLE_OBJC_ARC = YES;
				CLANG_WARN_BOOL_CONVERSION = YES;
				CLANG_WARN_CONSTANT_CONVERSION = YES;
				CLANG_WARN_DIRECT_OBJC_ISA_USAGE = YES_ERROR;
				CLANG_WARN_DOCUMENTATION_COMMENTS = YES;
				CLANG_WARN_EMPTY_BODY = YES;
				CLANG_WARN_ENUM_CONVERSION = YES;
				CLANG_WARN_INFINITE_RECURSION = YES;
				CLANG_WARN_INT_CONVERSION = YES;
				CLANG_WARN_OBJC_ROOT_CLASS = YES_ERROR;
				CLANG_WARN_SUSPICIOUS_MOVE = YES;
				CLANG_WARN_UNREACHABLE_CODE = YES;
				CLANG_WARN__DUPLICATE_METHOD_MATCH = YES;
				"CODE_SIGN_IDENTITY[sdk=iphoneos*]" = "iPhone Developer";
				COPY_PHASE_STRIP = NO;
				DEBUG_INFORMATION_FORMAT = "dwarf-with-dsym";
				ENABLE_NS_ASSERTIONS = NO;
				ENABLE_STRICT_OBJC_MSGSEND = YES;
				GCC_C_LANGUAGE_STANDARD = gnu99;
				GCC_NO_COMMON_BLOCKS = YES;
				GCC_WARN_64_TO_32_BIT_CONVERSION = YES;
				GCC_WARN_ABOUT_RETURN_TYPE = YES_ERROR;
				GCC_WARN_UNDECLARED_SELECTOR = YES;
				GCC_WARN_UNINITIALIZED_AUTOS = YES_AGGRESSIVE;
				GCC_WARN_UNUSED_FUNCTION = YES;
				GCC_WARN_UNUSED_VARIABLE = YES;
				IPHONEOS_DEPLOYMENT_TARGET = 10.2;
				MTL_ENABLE_DEBUG_INFO = NO;
				SDKROOT = iphoneos;
				SWIFT_OPTIMIZATION_LEVEL = "-Owholemodule";
				TARGETED_DEVICE_FAMILY = "1,2";
				VALIDATE_PRODUCT = YES;
			};
			name = Release;
		};
		D0A980F01EBA33D500549562 /* Debug */ = {
			isa = XCBuildConfiguration;
			buildSettings = {
				ASSETCATALOG_COMPILER_APPICON_NAME = AppIcon;
				INFOPLIST_FILE = TableView2/Info.plist;
				LD_RUNPATH_SEARCH_PATHS = "$(inherited) @executable_path/Frameworks";
				PRODUCT_BUNDLE_IDENTIFIER = maybol.TableView2;
				PRODUCT_NAME = "$(TARGET_NAME)";
				SWIFT_VERSION = 3.0;
			};
			name = Debug;
		};
		D0A980F11EBA33D500549562 /* Release */ = {
			isa = XCBuildConfiguration;
			buildSettings = {
				ASSETCATALOG_COMPILER_APPICON_NAME = AppIcon;
				INFOPLIST_FILE = TableView2/Info.plist;
				LD_RUNPATH_SEARCH_PATHS = "$(inherited) @executable_path/Frameworks";
				PRODUCT_BUNDLE_IDENTIFIER = maybol.TableView2;
				PRODUCT_NAME = "$(TARGET_NAME)";
				SWIFT_VERSION = 3.0;
			};
			name = Release;
		};
		D0A980F31EBA33D500549562 /* Debug */ = {
			isa = XCBuildConfiguration;
			buildSettings = {
				ALWAYS_EMBED_SWIFT_STANDARD_LIBRARIES = YES;
				BUNDLE_LOADER = "$(TEST_HOST)";
				INFOPLIST_FILE = TableView2Tests/Info.plist;
				LD_RUNPATH_SEARCH_PATHS = "$(inherited) @executable_path/Frameworks @loader_path/Frameworks";
				PRODUCT_BUNDLE_IDENTIFIER = maybol.TableView2Tests;
				PRODUCT_NAME = "$(TARGET_NAME)";
				SWIFT_VERSION = 3.0;
				TEST_HOST = "$(BUILT_PRODUCTS_DIR)/TableView2.app/TableView2";
			};
			name = Debug;
		};
		D0A980F41EBA33D500549562 /* Release */ = {
			isa = XCBuildConfiguration;
			buildSettings = {
				ALWAYS_EMBED_SWIFT_STANDARD_LIBRARIES = YES;
				BUNDLE_LOADER = "$(TEST_HOST)";
				INFOPLIST_FILE = TableView2Tests/Info.plist;
				LD_RUNPATH_SEARCH_PATHS = "$(inherited) @executable_path/Frameworks @loader_path/Frameworks";
				PRODUCT_BUNDLE_IDENTIFIER = maybol.TableView2Tests;
				PRODUCT_NAME = "$(TARGET_NAME)";
				SWIFT_VERSION = 3.0;
				TEST_HOST = "$(BUILT_PRODUCTS_DIR)/TableView2.app/TableView2";
			};
			name = Release;
		};
		D0A980F61EBA33D500549562 /* Debug */ = {
			isa = XCBuildConfiguration;
			buildSettings = {
				ALWAYS_EMBED_SWIFT_STANDARD_LIBRARIES = YES;
				INFOPLIST_FILE = TableView2UITests/Info.plist;
				LD_RUNPATH_SEARCH_PATHS = "$(inherited) @executable_path/Frameworks @loader_path/Frameworks";
				PRODUCT_BUNDLE_IDENTIFIER = maybol.TableView2UITests;
				PRODUCT_NAME = "$(TARGET_NAME)";
				SWIFT_VERSION = 3.0;
				TEST_TARGET_NAME = TableView2;
			};
			name = Debug;
		};
		D0A980F71EBA33D500549562 /* Release */ = {
			isa = XCBuildConfiguration;
			buildSettings = {
				ALWAYS_EMBED_SWIFT_STANDARD_LIBRARIES = YES;
				INFOPLIST_FILE = TableView2UITests/Info.plist;
				LD_RUNPATH_SEARCH_PATHS = "$(inherited) @executable_path/Frameworks @loader_path/Frameworks";
				PRODUCT_BUNDLE_IDENTIFIER = maybol.TableView2UITests;
				PRODUCT_NAME = "$(TARGET_NAME)";
				SWIFT_VERSION = 3.0;
				TEST_TARGET_NAME = TableView2;
			};
			name = Release;
		};
/* End XCBuildConfiguration section */

/* Begin XCConfigurationList section */
		D0A980C21EBA33D500549562 /* Build configuration list for PBXProject "TableView2" */ = {
			isa = XCConfigurationList;
			buildConfigurations = (
				D0A980ED1EBA33D500549562 /* Debug */,
				D0A980EE1EBA33D500549562 /* Release */,
			);
			defaultConfigurationIsVisible = 0;
			defaultConfigurationName = Release;
		};
		D0A980EF1EBA33D500549562 /* Build configuration list for PBXNativeTarget "TableView2" */ = {
			isa = XCConfigurationList;
			buildConfigurations = (
				D0A980F01EBA33D500549562 /* Debug */,
				D0A980F11EBA33D500549562 /* Release */,
			);
			defaultConfigurationIsVisible = 0;
		};
		D0A980F21EBA33D500549562 /* Build configuration list for PBXNativeTarget "TableView2Tests" */ = {
			isa = XCConfigurationList;
			buildConfigurations = (
				D0A980F31EBA33D500549562 /* Debug */,
				D0A980F41EBA33D500549562 /* Release */,
			);
			defaultConfigurationIsVisible = 0;
		};
		D0A980F51EBA33D500549562 /* Build configuration list for PBXNativeTarget "TableView2UITests" */ = {
			isa = XCConfigurationList;
			buildConfigurations = (
				D0A980F61EBA33D500549562 /* Debug */,
				D0A980F71EBA33D500549562 /* Release */,
			);
			defaultConfigurationIsVisible = 0;
		};
/* End XCConfigurationList section */
	};
	rootObject = D0A980BF1EBA33D500549562 /* Project object */;
}
